Microsoft Visual Studio Solution File, Format Version 11.00
# Visual Studio 2008

Project("{9B462035-F6C1-5079-D739-C980498FE1A8}") = "unity_correcorre", "Assembly-CSharp-vs.csproj", "{AAA46015-0CB6-2F80-3037-0F39DD6A363D}"
EndProject
Project("{9B462035-F6C1-5079-D739-C980498FE1A8}") = "unity_correcorre", "Assembly-CSharp-Editor-vs.csproj", "{D3784E3E-42E3-6B9D-3440-64F6CD3CE607}"
EndProject
Global
	GlobalSection(SolutionConfigurationPlatforms) = preSolution
		Debug|Any CPU = Debug|Any CPU
		Release|Any CPU = Release|Any CPU
	EndGlobalSection
	GlobalSection(ProjectConfigurationPlatforms) = postSolution
		{AAA46015-0CB6-2F80-3037-0F39DD6A363D}.Debug|Any CPU.ActiveCfg = Debug|Any CPU
		{AAA46015-0CB6-2F80-3037-0F39DD6A363D}.Debug|Any CPU.Build.0 = Debug|Any CPU
		{AAA46015-0CB6-2F80-3037-0F39DD6A363D}.Release|Any CPU.ActiveCfg = Release|Any CPU
		{AAA46015-0CB6-2F80-3037-0F39DD6A363D}.Release|Any CPU.Build.0 = Release|Any CPU
		{D3784E3E-42E3-6B9D-3440-64F6CD3CE607}.Debug|Any CPU.ActiveCfg = Debug|Any CPU
		{D3784E3E-42E3-6B9D-3440-64F6CD3CE607}.Debug|Any CPU.Build.0 = Debug|Any CPU
		{D3784E3E-42E3-6B9D-3440-64F6CD3CE607}.Release|Any CPU.ActiveCfg = Release|Any CPU
		{D3784E3E-42E3-6B9D-3440-64F6CD3CE607}.Release|Any CPU.Build.0 = Release|Any CPU
	EndGlobalSection
	GlobalSection(SolutionProperties) = preSolution
		HideSolutionNode = FALSE
	EndGlobalSection
																											GlobalSection(MonoDevelopProperties) = preSolution
		StartupItem = Assembly-CSharp.csproj
		Policies = $0
		$0.TextStylePolicy = $1
		$1.inheritsSet = null
		$1.scope = text/x-csharp
		$0.CSharpFormattingPolicy = $2
		$2.inheritsSet = Mono
		$2.inheritsScope = text/x-csharp
		$2.scope = text/x-csharp
		$0.TextStylePolicy = $3
		$3.FileWidth = 120
		$3.TabWidth = 4
		$3.IndentWidth = 4
		$3.EolMarker = Unix
		$3.inheritsSet = Mono
		$3.inheritsScope = text/plain
		$3.scope = text/plain
	EndGlobalSection

EndGlobal
